PODS:
  - IQKeyboardManager (6.5.6)
  - ObjectMapper (4.2.0)
  - SDWebImage (5.12.1):
    - SDWebImage/Core (= 5.12.1)
  - SDWebImage/Core (5.12.1)
  - SnapKit (5.0.1)

DEPENDENCIES:
  - IQKeyboardManager (= 6.5.6)
  - ObjectMapper (= 4.2.0)
  - SDWebImage (= 5.12.1)
  - SnapKit (= 5.0.1)

SPEC REPOS:
  trunk:
    - IQKeyboardManager
    - ObjectMapper
    - SDWebImage
    - SnapKit

SPEC CHECKSUMS:
  IQKeyboardManager: 2a6e97afdafc7becf0cb17a9a8d795e3a980717f
  ObjectMapper: 1eb41f610210777375fa806bf161dc39fb832b81
  SDWebImage: 4dc3e42d9ec0c1028b960a33ac6b637bb432207b
  SnapKit: 97b92857e3df3a0c71833cce143274bf6ef8e5eb

PODFILE CHECKSUM: 7a835886dc0f3df031f9026d387bc9ead2a9bda7

COCOAPODS: 1.11.2
