// !$*UTF8*$!
{
	archiveVersion = 1;
	classes = {
	};
	objectVersion = 55;
	objects = {

/* Begin PBXBuildFile section */
		1807470A27F7F86500D4902D /* KFCommunityReplyRemarkViewController.swift in Sources */ = {isa = PBXBuildFile; fileRef = 1807470927F7F86500D4902D /* KFCommunityReplyRemarkViewController.swift */; };
		1807470C27F820F300D4902D /* KFSettingUserDetailViewController.swift in Sources */ = {isa = PBXBuildFile; fileRef = 1807470B27F820F300D4902D /* KFSettingUserDetailViewController.swift */; };
		1807470E27F8253300D4902D /* KFSettingUserDetailCell.swift in Sources */ = {isa = PBXBuildFile; fileRef = 1807470D27F8253300D4902D /* KFSettingUserDetailCell.swift */; };
		1807471027F827E800D4902D /* KFSettingUserHeaderView.swift in Sources */ = {isa = PBXBuildFile; fileRef = 1807470F27F827E800D4902D /* KFSettingUserHeaderView.swift */; };
		1807471227F8554600D4902D /* fly.json in Resources */ = {isa = PBXBuildFile; fileRef = 1807471127F8554600D4902D /* fly.json */; };
		1857A80B280D677500E31D1A /* KFTabBarController.swift in Sources */ = {isa = PBXBuildFile; fileRef = 1857A809280D677500E31D1A /* KFTabBarController.swift */; };
		1857A80D280D679C00E31D1A /* UIColor+Extension.swift in Sources */ = {isa = PBXBuildFile; fileRef = 1857A80C280D679C00E31D1A /* UIColor+Extension.swift */; };
		1857A813280D74F600E31D1A /* String+Extension.swift in Sources */ = {isa = PBXBuildFile; fileRef = 1857A812280D74F600E31D1A /* String+Extension.swift */; };
		185F5E5A27F41CD100AFBA3F /* AppDelegate.swift in Sources */ = {isa = PBXBuildFile; fileRef = 185F5E5927F41CD100AFBA3F /* AppDelegate.swift */; };
		185F5E6127F41CD100AFBA3F /* Main.storyboard in Resources */ = {isa = PBXBuildFile; fileRef = 185F5E5F27F41CD100AFBA3F /* Main.storyboard */; };
		185F5E6327F41CD200AFBA3F /* Assets.xcassets in Resources */ = {isa = PBXBuildFile; fileRef = 185F5E6227F41CD200AFBA3F /* Assets.xcassets */; };
		185F5E6627F41CD200AFBA3F /* LaunchScreen.storyboard in Resources */ = {isa = PBXBuildFile; fileRef = 185F5E6427F41CD200AFBA3F /* LaunchScreen.storyboard */; };
		185F5E7227F41DE200AFBA3F /* KFLoginViewController.swift in Sources */ = {isa = PBXBuildFile; fileRef = 185F5E7127F41DE200AFBA3F /* KFLoginViewController.swift */; };
		185F5EB827F438F100AFBA3F /* KFRegisterViewController.swift in Sources */ = {isa = PBXBuildFile; fileRef = 185F5EB727F438F100AFBA3F /* KFRegisterViewController.swift */; };
		185F5EBA27F43E1700AFBA3F /* KFHomeViewController.swift in Sources */ = {isa = PBXBuildFile; fileRef = 185F5EB927F43E1700AFBA3F /* KFHomeViewController.swift */; };
		185F5EBD27F43F1900AFBA3F /* KFNewsModel.swift in Sources */ = {isa = PBXBuildFile; fileRef = 185F5EBC27F43F1900AFBA3F /* KFNewsModel.swift */; };
		185F5EBF27F440D300AFBA3F /* KFNoticeModel.swift in Sources */ = {isa = PBXBuildFile; fileRef = 185F5EBE27F440D300AFBA3F /* KFNoticeModel.swift */; };
		185F5EC227F4433800AFBA3F /* KFHomeNewsItem.swift in Sources */ = {isa = PBXBuildFile; fileRef = 185F5EC127F4433800AFBA3F /* KFHomeNewsItem.swift */; };
		185F5EC427F4442700AFBA3F /* KFHomeNoticCell.swift in Sources */ = {isa = PBXBuildFile; fileRef = 185F5EC327F4442700AFBA3F /* KFHomeNoticCell.swift */; };
		185F5ECD27F44DD900AFBA3F /* NewsModelList.json in Resources */ = {isa = PBXBuildFile; fileRef = 185F5ECC27F44DD900AFBA3F /* NewsModelList.json */; };
		185F5ECF27F45B9E00AFBA3F /* NoticModelList.json in Resources */ = {isa = PBXBuildFile; fileRef = 185F5ECE27F45B9D00AFBA3F /* NoticModelList.json */; };
		185F5ED127F4729300AFBA3F /* KFHomePageCell.swift in Sources */ = {isa = PBXBuildFile; fileRef = 185F5ED027F4729300AFBA3F /* KFHomePageCell.swift */; };
		185F5ED327F4791F00AFBA3F /* KFHomePageModel.swift in Sources */ = {isa = PBXBuildFile; fileRef = 185F5ED227F4791F00AFBA3F /* KFHomePageModel.swift */; };
		185F5ED527F47A6A00AFBA3F /* PageUrl.json in Resources */ = {isa = PBXBuildFile; fileRef = 185F5ED427F47A6A00AFBA3F /* PageUrl.json */; };
		185F5ED827F47B6300AFBA3F /* KFNewsDetailViewController.swift in Sources */ = {isa = PBXBuildFile; fileRef = 185F5ED727F47B6300AFBA3F /* KFNewsDetailViewController.swift */; };
		185F5EDB27F5400B00AFBA3F /* iconfont.ttf in Resources */ = {isa = PBXBuildFile; fileRef = 185F5EDA27F47C5500AFBA3F /* iconfont.ttf */; };
		185F5EDF27F54FC100AFBA3F /* KFNoticeDetailViewController.swift in Sources */ = {isa = PBXBuildFile; fileRef = 185F5EDE27F54FC100AFBA3F /* KFNoticeDetailViewController.swift */; };
		185F5EE127F5561C00AFBA3F /* KFRegisterListViewController.swift in Sources */ = {isa = PBXBuildFile; fileRef = 185F5EE027F5561C00AFBA3F /* KFRegisterListViewController.swift */; };
		185F5EE327F556EF00AFBA3F /* KFHomeMemberListCell.swift in Sources */ = {isa = PBXBuildFile; fileRef = 185F5EE227F556EF00AFBA3F /* KFHomeMemberListCell.swift */; };
		185F5EE527F5595600AFBA3F /* KFUserModel.swift in Sources */ = {isa = PBXBuildFile; fileRef = 185F5EE427F5595600AFBA3F /* KFUserModel.swift */; };
		185F5EEC27F5708800AFBA3F /* KFCommunityViewController.swift in Sources */ = {isa = PBXBuildFile; fileRef = 185F5EEB27F5708800AFBA3F /* KFCommunityViewController.swift */; };
		185F5EEE27F5780400AFBA3F /* KFCommunityCell.swift in Sources */ = {isa = PBXBuildFile; fileRef = 185F5EED27F5780400AFBA3F /* KFCommunityCell.swift */; };
		185F5EF027F578BE00AFBA3F /* KFCommunityModel.swift in Sources */ = {isa = PBXBuildFile; fileRef = 185F5EEF27F578BE00AFBA3F /* KFCommunityModel.swift */; };
		185F5EF227F5792200AFBA3F /* KFCommunityRemarkModel.swift in Sources */ = {isa = PBXBuildFile; fileRef = 185F5EF127F5792200AFBA3F /* KFCommunityRemarkModel.swift */; };
		185F5EF427F5816E00AFBA3F /* KFCommunityImageCell.swift in Sources */ = {isa = PBXBuildFile; fileRef = 185F5EF327F5816E00AFBA3F /* KFCommunityImageCell.swift */; };
		185F5EF727F583B800AFBA3F /* CommunityList.json in Resources */ = {isa = PBXBuildFile; fileRef = 185F5EF627F583B800AFBA3F /* CommunityList.json */; };
		185F5EF927F58C6500AFBA3F /* KFCommunityDetailViewController.swift in Sources */ = {isa = PBXBuildFile; fileRef = 185F5EF827F58C6500AFBA3F /* KFCommunityDetailViewController.swift */; };
		185F5EFB27F58D7C00AFBA3F /* KFCommunityHeaderView.swift in Sources */ = {isa = PBXBuildFile; fileRef = 185F5EFA27F58D7C00AFBA3F /* KFCommunityHeaderView.swift */; };
		185F5EFD27F58E9900AFBA3F /* KFCommunityRemarkCell.swift in Sources */ = {isa = PBXBuildFile; fileRef = 185F5EFC27F58E9900AFBA3F /* KFCommunityRemarkCell.swift */; };
		185F5EFF27F595C200AFBA3F /* KFCommunityRemarkViewController.swift in Sources */ = {isa = PBXBuildFile; fileRef = 185F5EFE27F595C200AFBA3F /* KFCommunityRemarkViewController.swift */; };
		185F5F0127F598BD00AFBA3F /* KFCommunityPublishViewController.swift in Sources */ = {isa = PBXBuildFile; fileRef = 185F5F0027F598BD00AFBA3F /* KFCommunityPublishViewController.swift */; };
		185F5F4427F5B2AD00AFBA3F /* KFCommunityReportViewController.swift in Sources */ = {isa = PBXBuildFile; fileRef = 185F5F4327F5B2AD00AFBA3F /* KFCommunityReportViewController.swift */; };
		185F5F4A27F5C55F00AFBA3F /* KFSettingViewController.swift in Sources */ = {isa = PBXBuildFile; fileRef = 185F5F4927F5C55F00AFBA3F /* KFSettingViewController.swift */; };
		185F5F4C27F5C5CD00AFBA3F /* KFSettingHeaderView.swift in Sources */ = {isa = PBXBuildFile; fileRef = 185F5F4B27F5C5CD00AFBA3F /* KFSettingHeaderView.swift */; };
		185F5F4E27F5CA0200AFBA3F /* KFSettingCell.swift in Sources */ = {isa = PBXBuildFile; fileRef = 185F5F4D27F5CA0200AFBA3F /* KFSettingCell.swift */; };
		185F5F5027F5CCFE00AFBA3F /* UserModel.json in Resources */ = {isa = PBXBuildFile; fileRef = 185F5F4F27F5CCFE00AFBA3F /* UserModel.json */; };
		185F5F5227F69BB600AFBA3F /* KFWebViewController.swift in Sources */ = {isa = PBXBuildFile; fileRef = 185F5F5127F69BB600AFBA3F /* KFWebViewController.swift */; };
		185F5F5427F69CBE00AFBA3F /* Agreement.html in Resources */ = {isa = PBXBuildFile; fileRef = 185F5F5327F69CBE00AFBA3F /* Agreement.html */; };
		185F5F5627F6A4CA00AFBA3F /* KFHomeHeaderView.swift in Sources */ = {isa = PBXBuildFile; fileRef = 185F5F5527F6A4CA00AFBA3F /* KFHomeHeaderView.swift */; };
		185F5F5827F6A7DB00AFBA3F /* KFSettingMoreViewController.swift in Sources */ = {isa = PBXBuildFile; fileRef = 185F5F5727F6A7DB00AFBA3F /* KFSettingMoreViewController.swift */; };
		185F5F5A27F6AA1000AFBA3F /* KFSettingNoticeViewController.swift in Sources */ = {isa = PBXBuildFile; fileRef = 185F5F5927F6AA1000AFBA3F /* KFSettingNoticeViewController.swift */; };
		185F5F5C27F6AABB00AFBA3F /* KFSettingNoticeCell.swift in Sources */ = {isa = PBXBuildFile; fileRef = 185F5F5B27F6AABB00AFBA3F /* KFSettingNoticeCell.swift */; };
		185F5F5E27F6ABC100AFBA3F /* KFSettingMyRegisterViewController.swift in Sources */ = {isa = PBXBuildFile; fileRef = 185F5F5D27F6ABC100AFBA3F /* KFSettingMyRegisterViewController.swift */; };
		185F5F6027F6ACD600AFBA3F /* KFSettingRegisterCell.swift in Sources */ = {isa = PBXBuildFile; fileRef = 185F5F5F27F6ACD600AFBA3F /* KFSettingRegisterCell.swift */; };
		185F5F6227F6BFAB00AFBA3F /* KFSettingRenameViewController.swift in Sources */ = {isa = PBXBuildFile; fileRef = 185F5F6127F6BFAB00AFBA3F /* KFSettingRenameViewController.swift */; };
		185F5F9627F6D03000AFBA3F /* KFChatRoomViewController.swift in Sources */ = {isa = PBXBuildFile; fileRef = 185F5F6E27F6D03000AFBA3F /* KFChatRoomViewController.swift */; };
		185F5F9E27F6D03000AFBA3F /* KFChatRoomMessageImageCell.swift in Sources */ = {isa = PBXBuildFile; fileRef = 185F5F7927F6D03000AFBA3F /* KFChatRoomMessageImageCell.swift */; };
		185F5F9F27F6D03000AFBA3F /* KFChatRoomMessageAudioCell.swift in Sources */ = {isa = PBXBuildFile; fileRef = 185F5F7A27F6D03000AFBA3F /* KFChatRoomMessageAudioCell.swift */; };
		185F5FA027F6D03000AFBA3F /* KFChatRoomBaseCell.swift in Sources */ = {isa = PBXBuildFile; fileRef = 185F5F7B27F6D03000AFBA3F /* KFChatRoomBaseCell.swift */; };
		185F5FA327F6D03000AFBA3F /* KFChatRoomMessageCell.swift in Sources */ = {isa = PBXBuildFile; fileRef = 185F5F7E27F6D03000AFBA3F /* KFChatRoomMessageCell.swift */; };
		185F5FA427F6D03000AFBA3F /* KFChatRoomMessageTextCell.swift in Sources */ = {isa = PBXBuildFile; fileRef = 185F5F7F27F6D03000AFBA3F /* KFChatRoomMessageTextCell.swift */; };
		185F5FA527F6D03000AFBA3F /* KFChatRoomMessageCellFactory.swift in Sources */ = {isa = PBXBuildFile; fileRef = 185F5F8027F6D03000AFBA3F /* KFChatRoomMessageCellFactory.swift */; };
		185F5FA627F6D03000AFBA3F /* KFChatRoomMessageCellStatusView.swift in Sources */ = {isa = PBXBuildFile; fileRef = 185F5F8227F6D03000AFBA3F /* KFChatRoomMessageCellStatusView.swift */; };
		185F5FA727F6D03000AFBA3F /* KFChatRoomEmptyCell.swift in Sources */ = {isa = PBXBuildFile; fileRef = 185F5F8327F6D03000AFBA3F /* KFChatRoomEmptyCell.swift */; };
		185F5FA827F6D03000AFBA3F /* KFChatRoomBaseMessageBubble.swift in Sources */ = {isa = PBXBuildFile; fileRef = 185F5F8527F6D03000AFBA3F /* KFChatRoomBaseMessageBubble.swift */; };
		185F5FA927F6D03000AFBA3F /* BPChatRoomToolsView.swift in Sources */ = {isa = PBXBuildFile; fileRef = 185F5F8727F6D03000AFBA3F /* BPChatRoomToolsView.swift */; };
		185F5FAA27F6D03000AFBA3F /* KFChatInputView.swift in Sources */ = {isa = PBXBuildFile; fileRef = 185F5F8927F6D03000AFBA3F /* KFChatInputView.swift */; };
		185F5FAB27F6D03000AFBA3F /* KFRecordToolView.swift in Sources */ = {isa = PBXBuildFile; fileRef = 185F5F8B27F6D03000AFBA3F /* KFRecordToolView.swift */; };
		185F5FAC27F6D03000AFBA3F /* KFRecordAnimationItemLayer.swift in Sources */ = {isa = PBXBuildFile; fileRef = 185F5F8C27F6D03000AFBA3F /* KFRecordAnimationItemLayer.swift */; };
		185F5FAD27F6D03000AFBA3F /* KFRecordVoiceAnimationLayer.swift in Sources */ = {isa = PBXBuildFile; fileRef = 185F5F8D27F6D03000AFBA3F /* KFRecordVoiceAnimationLayer.swift */; };
		185F5FAE27F6D03000AFBA3F /* KFEmojiModel.swift in Sources */ = {isa = PBXBuildFile; fileRef = 185F5F8F27F6D03000AFBA3F /* KFEmojiModel.swift */; };
		185F5FAF27F6D03000AFBA3F /* KFEmojiCell.swift in Sources */ = {isa = PBXBuildFile; fileRef = 185F5F9027F6D03000AFBA3F /* KFEmojiCell.swift */; };
		185F5FB027F6D03000AFBA3F /* KFEmojiToolView.swift in Sources */ = {isa = PBXBuildFile; fileRef = 185F5F9127F6D03000AFBA3F /* KFEmojiToolView.swift */; };
		185F5FB127F6D03000AFBA3F /* KFChatMoreView.swift in Sources */ = {isa = PBXBuildFile; fileRef = 185F5F9227F6D03000AFBA3F /* KFChatMoreView.swift */; };
		185F5FBA27F6D34500AFBA3F /* RCMessag+Extension.swift in Sources */ = {isa = PBXBuildFile; fileRef = 185F5FB927F6D34500AFBA3F /* RCMessag+Extension.swift */; };
		185F5FC327F6D4AF00AFBA3F /* RCHQVoiceMessage+Extension.swift in Sources */ = {isa = PBXBuildFile; fileRef = 185F5FC227F6D4AF00AFBA3F /* RCHQVoiceMessage+Extension.swift */; };
		185F5FD227F6D8E900AFBA3F /* KFChatRequestManager.swift in Sources */ = {isa = PBXBuildFile; fileRef = 185F5FD127F6D8E900AFBA3F /* KFChatRequestManager.swift */; };
		185F5FD427F6E1DF00AFBA3F /* emoji.bundle in Resources */ = {isa = PBXBuildFile; fileRef = 185F5FD327F6E1DF00AFBA3F /* emoji.bundle */; };
		3A80DF929CFD9A1BD514450A /* Pods_KiteFly.framework in Frameworks */ = {isa = PBXBuildFile; fileRef = 1206E9800750F747AF76704B /* Pods_KiteFly.framework */; };
/* End PBXBuildFile section */

/* Begin PBXFileReference section */
		1206E9800750F747AF76704B /* Pods_KiteFly.framework */ = {isa = PBXFileReference; explicitFileType = wrapper.framework; includeInIndex = 0; path = Pods_KiteFly.framework; sourceTree = BUILT_PRODUCTS_DIR; };
		1807470927F7F86500D4902D /* KFCommunityReplyRemarkViewController.swift */ = {isa = PBXFileReference; lastKnownFileType = sourcecode.swift; path = KFCommunityReplyRemarkViewController.swift; sourceTree = "<group>"; };
		1807470B27F820F300D4902D /* KFSettingUserDetailViewController.swift */ = {isa = PBXFileReference; lastKnownFileType = sourcecode.swift; path = KFSettingUserDetailViewController.swift; sourceTree = "<group>"; };
		1807470D27F8253300D4902D /* KFSettingUserDetailCell.swift */ = {isa = PBXFileReference; lastKnownFileType = sourcecode.swift; path = KFSettingUserDetailCell.swift; sourceTree = "<group>"; };
		1807470F27F827E800D4902D /* KFSettingUserHeaderView.swift */ = {isa = PBXFileReference; lastKnownFileType = sourcecode.swift; path = KFSettingUserHeaderView.swift; sourceTree = "<group>"; };
		1807471127F8554600D4902D /* fly.json */ = {isa = PBXFileReference; fileEncoding = 4; lastKnownFileType = text.json; path = fly.json; sourceTree = "<group>"; };
		1857A809280D677500E31D1A /* KFTabBarController.swift */ = {isa = PBXFileReference; fileEncoding = 4; lastKnownFileType = sourcecode.swift; name = KFTabBarController.swift; path = KiteFly/Support/BaseView/KFTabBarController.swift; sourceTree = SOURCE_ROOT; };
		1857A80C280D679C00E31D1A /* UIColor+Extension.swift */ = {isa = PBXFileReference; fileEncoding = 4; lastKnownFileType = sourcecode.swift; name = "UIColor+Extension.swift"; path = "KiteFly/Support/Extension/UIColor+Extension.swift"; sourceTree = SOURCE_ROOT; };
		1857A812280D74F600E31D1A /* String+Extension.swift */ = {isa = PBXFileReference; fileEncoding = 4; lastKnownFileType = sourcecode.swift; name = "String+Extension.swift"; path = "KiteFly/Support/Extension/String+Extension.swift"; sourceTree = SOURCE_ROOT; };
		185F5E5627F41CD100AFBA3F /* KiteFly.app */ = {isa = PBXFileReference; explicitFileType = wrapper.application; includeInIndex = 0; path = KiteFly.app; sourceTree = BUILT_PRODUCTS_DIR; };
		185F5E5927F41CD100AFBA3F /* AppDelegate.swift */ = {isa = PBXFileReference; lastKnownFileType = sourcecode.swift; path = AppDelegate.swift; sourceTree = "<group>"; };
		185F5E6027F41CD100AFBA3F /* Base */ = {isa = PBXFileReference; lastKnownFileType = file.storyboard; name = Base; path = Base.lproj/Main.storyboard; sourceTree = "<group>"; };
		185F5E6227F41CD200AFBA3F /* Assets.xcassets */ = {isa = PBXFileReference; lastKnownFileType = folder.assetcatalog; path = Assets.xcassets; sourceTree = "<group>"; };
		185F5E6527F41CD200AFBA3F /* Base */ = {isa = PBXFileReference; lastKnownFileType = file.storyboard; name = Base; path = Base.lproj/LaunchScreen.storyboard; sourceTree = "<group>"; };
		185F5E6727F41CD200AFBA3F /* Info.plist */ = {isa = PBXFileReference; lastKnownFileType = text.plist.xml; path = Info.plist; sourceTree = "<group>"; };
		185F5E7127F41DE200AFBA3F /* KFLoginViewController.swift */ = {isa = PBXFileReference; lastKnownFileType = sourcecode.swift; path = KFLoginViewController.swift; sourceTree = "<group>"; };
		185F5EB127F42C1A00AFBA3F /* KiteFly-Bridging-Header.h */ = {isa = PBXFileReference; lastKnownFileType = sourcecode.c.h; path = "KiteFly-Bridging-Header.h"; sourceTree = "<group>"; };
		185F5EB727F438F100AFBA3F /* KFRegisterViewController.swift */ = {isa = PBXFileReference; lastKnownFileType = sourcecode.swift; path = KFRegisterViewController.swift; sourceTree = "<group>"; };
		185F5EB927F43E1700AFBA3F /* KFHomeViewController.swift */ = {isa = PBXFileReference; lastKnownFileType = sourcecode.swift; path = KFHomeViewController.swift; sourceTree = "<group>"; };
		185F5EBC27F43F1900AFBA3F /* KFNewsModel.swift */ = {isa = PBXFileReference; lastKnownFileType = sourcecode.swift; path = KFNewsModel.swift; sourceTree = "<group>"; };
		185F5EBE27F440D300AFBA3F /* KFNoticeModel.swift */ = {isa = PBXFileReference; lastKnownFileType = sourcecode.swift; path = KFNoticeModel.swift; sourceTree = "<group>"; };
		185F5EC127F4433800AFBA3F /* KFHomeNewsItem.swift */ = {isa = PBXFileReference; lastKnownFileType = sourcecode.swift; path = KFHomeNewsItem.swift; sourceTree = "<group>"; };
		185F5EC327F4442700AFBA3F /* KFHomeNoticCell.swift */ = {isa = PBXFileReference; lastKnownFileType = sourcecode.swift; path = KFHomeNoticCell.swift; sourceTree = "<group>"; };
		185F5ECC27F44DD900AFBA3F /* NewsModelList.json */ = {isa = PBXFileReference; fileEncoding = 4; lastKnownFileType = text.json; path = NewsModelList.json; sourceTree = "<group>"; };
		185F5ECE27F45B9D00AFBA3F /* NoticModelList.json */ = {isa = PBXFileReference; fileEncoding = 4; lastKnownFileType = text.json; path = NoticModelList.json; sourceTree = "<group>"; };
		185F5ED027F4729300AFBA3F /* KFHomePageCell.swift */ = {isa = PBXFileReference; lastKnownFileType = sourcecode.swift; path = KFHomePageCell.swift; sourceTree = "<group>"; };
		185F5ED227F4791F00AFBA3F /* KFHomePageModel.swift */ = {isa = PBXFileReference; lastKnownFileType = sourcecode.swift; path = KFHomePageModel.swift; sourceTree = "<group>"; };
		185F5ED427F47A6A00AFBA3F /* PageUrl.json */ = {isa = PBXFileReference; fileEncoding = 4; lastKnownFileType = text.json; path = PageUrl.json; sourceTree = "<group>"; };
		185F5ED727F47B6300AFBA3F /* KFNewsDetailViewController.swift */ = {isa = PBXFileReference; lastKnownFileType = sourcecode.swift; path = KFNewsDetailViewController.swift; sourceTree = "<group>"; };
		185F5EDA27F47C5500AFBA3F /* iconfont.ttf */ = {isa = PBXFileReference; lastKnownFileType = file; path = iconfont.ttf; sourceTree = "<group>"; };
		185F5EDE27F54FC100AFBA3F /* KFNoticeDetailViewController.swift */ = {isa = PBXFileReference; lastKnownFileType = sourcecode.swift; path = KFNoticeDetailViewController.swift; sourceTree = "<group>"; };
		185F5EE027F5561C00AFBA3F /* KFRegisterListViewController.swift */ = {isa = PBXFileReference; lastKnownFileType = sourcecode.swift; path = KFRegisterListViewController.swift; sourceTree = "<group>"; };
		185F5EE227F556EF00AFBA3F /* KFHomeMemberListCell.swift */ = {isa = PBXFileReference; lastKnownFileType = sourcecode.swift; path = KFHomeMemberListCell.swift; sourceTree = "<group>"; };
		185F5EE427F5595600AFBA3F /* KFUserModel.swift */ = {isa = PBXFileReference; lastKnownFileType = sourcecode.swift; path = KFUserModel.swift; sourceTree = "<group>"; };
		185F5EEB27F5708800AFBA3F /* KFCommunityViewController.swift */ = {isa = PBXFileReference; lastKnownFileType = sourcecode.swift; path = KFCommunityViewController.swift; sourceTree = "<group>"; };
		185F5EED27F5780400AFBA3F /* KFCommunityCell.swift */ = {isa = PBXFileReference; lastKnownFileType = sourcecode.swift; path = KFCommunityCell.swift; sourceTree = "<group>"; };
		185F5EEF27F578BE00AFBA3F /* KFCommunityModel.swift */ = {isa = PBXFileReference; lastKnownFileType = sourcecode.swift; path = KFCommunityModel.swift; sourceTree = "<group>"; };
		185F5EF127F5792200AFBA3F /* KFCommunityRemarkModel.swift */ = {isa = PBXFileReference; lastKnownFileType = sourcecode.swift; path = KFCommunityRemarkModel.swift; sourceTree = "<group>"; };
		185F5EF327F5816E00AFBA3F /* KFCommunityImageCell.swift */ = {isa = PBXFileReference; lastKnownFileType = sourcecode.swift; path = KFCommunityImageCell.swift; sourceTree = "<group>"; };
		185F5EF627F583B800AFBA3F /* CommunityList.json */ = {isa = PBXFileReference; fileEncoding = 4; lastKnownFileType = text.json; path = CommunityList.json; sourceTree = "<group>"; };
		185F5EF827F58C6500AFBA3F /* KFCommunityDetailViewController.swift */ = {isa = PBXFileReference; lastKnownFileType = sourcecode.swift; path = KFCommunityDetailViewController.swift; sourceTree = "<group>"; };
		185F5EFA27F58D7C00AFBA3F /* KFCommunityHeaderView.swift */ = {isa = PBXFileReference; lastKnownFileType = sourcecode.swift; path = KFCommunityHeaderView.swift; sourceTree = "<group>"; };
		185F5EFC27F58E9900AFBA3F /* KFCommunityRemarkCell.swift */ = {isa = PBXFileReference; lastKnownFileType = sourcecode.swift; path = KFCommunityRemarkCell.swift; sourceTree = "<group>"; };
		185F5EFE27F595C200AFBA3F /* KFCommunityRemarkViewController.swift */ = {isa = PBXFileReference; lastKnownFileType = sourcecode.swift; path = KFCommunityRemarkViewController.swift; sourceTree = "<group>"; };
		185F5F0027F598BD00AFBA3F /* KFCommunityPublishViewController.swift */ = {isa = PBXFileReference; lastKnownFileType = sourcecode.swift; path = KFCommunityPublishViewController.swift; sourceTree = "<group>"; };
		185F5F4327F5B2AD00AFBA3F /* KFCommunityReportViewController.swift */ = {isa = PBXFileReference; lastKnownFileType = sourcecode.swift; path = KFCommunityReportViewController.swift; sourceTree = "<group>"; };
		185F5F4927F5C55F00AFBA3F /* KFSettingViewController.swift */ = {isa = PBXFileReference; lastKnownFileType = sourcecode.swift; path = KFSettingViewController.swift; sourceTree = "<group>"; };
		185F5F4B27F5C5CD00AFBA3F /* KFSettingHeaderView.swift */ = {isa = PBXFileReference; lastKnownFileType = sourcecode.swift; path = KFSettingHeaderView.swift; sourceTree = "<group>"; };
		185F5F4D27F5CA0200AFBA3F /* KFSettingCell.swift */ = {isa = PBXFileReference; lastKnownFileType = sourcecode.swift; path = KFSettingCell.swift; sourceTree = "<group>"; };
		185F5F4F27F5CCFE00AFBA3F /* UserModel.json */ = {isa = PBXFileReference; fileEncoding = 4; lastKnownFileType = text.json; path = UserModel.json; sourceTree = "<group>"; };
		185F5F5127F69BB600AFBA3F /* KFWebViewController.swift */ = {isa = PBXFileReference; lastKnownFileType = sourcecode.swift; path = KFWebViewController.swift; sourceTree = "<group>"; };
		185F5F5327F69CBE00AFBA3F /* Agreement.html */ = {isa = PBXFileReference; fileEncoding = 4; lastKnownFileType = text.html; path = Agreement.html; sourceTree = "<group>"; };
		185F5F5527F6A4CA00AFBA3F /* KFHomeHeaderView.swift */ = {isa = PBXFileReference; lastKnownFileType = sourcecode.swift; path = KFHomeHeaderView.swift; sourceTree = "<group>"; };
		185F5F5727F6A7DB00AFBA3F /* KFSettingMoreViewController.swift */ = {isa = PBXFileReference; lastKnownFileType = sourcecode.swift; path = KFSettingMoreViewController.swift; sourceTree = "<group>"; };
		185F5F5927F6AA1000AFBA3F /* KFSettingNoticeViewController.swift */ = {isa = PBXFileReference; lastKnownFileType = sourcecode.swift; path = KFSettingNoticeViewController.swift; sourceTree = "<group>"; };
		185F5F5B27F6AABB00AFBA3F /* KFSettingNoticeCell.swift */ = {isa = PBXFileReference; lastKnownFileType = sourcecode.swift; path = KFSettingNoticeCell.swift; sourceTree = "<group>"; };
		185F5F5D27F6ABC100AFBA3F /* KFSettingMyRegisterViewController.swift */ = {isa = PBXFileReference; lastKnownFileType = sourcecode.swift; path = KFSettingMyRegisterViewController.swift; sourceTree = "<group>"; };
		185F5F5F27F6ACD600AFBA3F /* KFSettingRegisterCell.swift */ = {isa = PBXFileReference; lastKnownFileType = sourcecode.swift; path = KFSettingRegisterCell.swift; sourceTree = "<group>"; };
		185F5F6127F6BFAB00AFBA3F /* KFSettingRenameViewController.swift */ = {isa = PBXFileReference; lastKnownFileType = sourcecode.swift; path = KFSettingRenameViewController.swift; sourceTree = "<group>"; };
		185F5F6E27F6D03000AFBA3F /* KFChatRoomViewController.swift */ = {isa = PBXFileReference; fileEncoding = 4; lastKnownFileType = sourcecode.swift; path = KFChatRoomViewController.swift; sourceTree = "<group>"; };
		185F5F7927F6D03000AFBA3F /* KFChatRoomMessageImageCell.swift */ = {isa = PBXFileReference; fileEncoding = 4; lastKnownFileType = sourcecode.swift; path = KFChatRoomMessageImageCell.swift; sourceTree = "<group>"; };
		185F5F7A27F6D03000AFBA3F /* KFChatRoomMessageAudioCell.swift */ = {isa = PBXFileReference; fileEncoding = 4; lastKnownFileType = sourcecode.swift; path = KFChatRoomMessageAudioCell.swift; sourceTree = "<group>"; };
		185F5F7B27F6D03000AFBA3F /* KFChatRoomBaseCell.swift */ = {isa = PBXFileReference; fileEncoding = 4; lastKnownFileType = sourcecode.swift; path = KFChatRoomBaseCell.swift; sourceTree = "<group>"; };
		185F5F7E27F6D03000AFBA3F /* KFChatRoomMessageCell.swift */ = {isa = PBXFileReference; fileEncoding = 4; lastKnownFileType = sourcecode.swift; path = KFChatRoomMessageCell.swift; sourceTree = "<group>"; };
		185F5F7F27F6D03000AFBA3F /* KFChatRoomMessageTextCell.swift */ = {isa = PBXFileReference; fileEncoding = 4; lastKnownFileType = sourcecode.swift; path = KFChatRoomMessageTextCell.swift; sourceTree = "<group>"; };
		185F5F8027F6D03000AFBA3F /* KFChatRoomMessageCellFactory.swift */ = {isa = PBXFileReference; fileEncoding = 4; lastKnownFileType = sourcecode.swift; path = KFChatRoomMessageCellFactory.swift; sourceTree = "<group>"; };
		185F5F8227F6D03000AFBA3F /* KFChatRoomMessageCellStatusView.swift */ = {isa = PBXFileReference; fileEncoding = 4; lastKnownFileType = sourcecode.swift; path = KFChatRoomMessageCellStatusView.swift; sourceTree = "<group>"; };
		185F5F8327F6D03000AFBA3F /* KFChatRoomEmptyCell.swift */ = {isa = PBXFileReference; fileEncoding = 4; lastKnownFileType = sourcecode.swift; path = KFChatRoomEmptyCell.swift; sourceTree = "<group>"; };
		185F5F8527F6D03000AFBA3F /* KFChatRoomBaseMessageBubble.swift */ = {isa = PBXFileReference; fileEncoding = 4; lastKnownFileType = sourcecode.swift; path = KFChatRoomBaseMessageBubble.swift; sourceTree = "<group>"; };
		185F5F8727F6D03000AFBA3F /* BPChatRoomToolsView.swift */ = {isa = PBXFileReference; fileEncoding = 4; lastKnownFileType = sourcecode.swift; path = BPChatRoomToolsView.swift; sourceTree = "<group>"; };
		185F5F8927F6D03000AFBA3F /* KFChatInputView.swift */ = {isa = PBXFileReference; fileEncoding = 4; lastKnownFileType = sourcecode.swift; path = KFChatInputView.swift; sourceTree = "<group>"; };
		185F5F8B27F6D03000AFBA3F /* KFRecordToolView.swift */ = {isa = PBXFileReference; fileEncoding = 4; lastKnownFileType = sourcecode.swift; path = KFRecordToolView.swift; sourceTree = "<group>"; };
		185F5F8C27F6D03000AFBA3F /* KFRecordAnimationItemLayer.swift */ = {isa = PBXFileReference; fileEncoding = 4; lastKnownFileType = sourcecode.swift; path = KFRecordAnimationItemLayer.swift; sourceTree = "<group>"; };
		185F5F8D27F6D03000AFBA3F /* KFRecordVoiceAnimationLayer.swift */ = {isa = PBXFileReference; fileEncoding = 4; lastKnownFileType = sourcecode.swift; path = KFRecordVoiceAnimationLayer.swift; sourceTree = "<group>"; };
		185F5F8F27F6D03000AFBA3F /* KFEmojiModel.swift */ = {isa = PBXFileReference; fileEncoding = 4; lastKnownFileType = sourcecode.swift; path = KFEmojiModel.swift; sourceTree = "<group>"; };
		185F5F9027F6D03000AFBA3F /* KFEmojiCell.swift */ = {isa = PBXFileReference; fileEncoding = 4; lastKnownFileType = sourcecode.swift; path = KFEmojiCell.swift; sourceTree = "<group>"; };
		185F5F9127F6D03000AFBA3F /* KFEmojiToolView.swift */ = {isa = PBXFileReference; fileEncoding = 4; lastKnownFileType = sourcecode.swift; path = KFEmojiToolView.swift; sourceTree = "<group>"; };
		185F5F9227F6D03000AFBA3F /* KFChatMoreView.swift */ = {isa = PBXFileReference; fileEncoding = 4; lastKnownFileType = sourcecode.swift; path = KFChatMoreView.swift; sourceTree = "<group>"; };
		185F5FB927F6D34500AFBA3F /* RCMessag+Extension.swift */ = {isa = PBXFileReference; lastKnownFileType = sourcecode.swift; path = "RCMessag+Extension.swift"; sourceTree = "<group>"; };
		185F5FC227F6D4AF00AFBA3F /* RCHQVoiceMessage+Extension.swift */ = {isa = PBXFileReference; fileEncoding = 4; lastKnownFileType = sourcecode.swift; path = "RCHQVoiceMessage+Extension.swift"; sourceTree = "<group>"; };
		185F5FD127F6D8E900AFBA3F /* KFChatRequestManager.swift */ = {isa = PBXFileReference; fileEncoding = 4; lastKnownFileType = sourcecode.swift; path = KFChatRequestManager.swift; sourceTree = "<group>"; };
		185F5FD327F6E1DF00AFBA3F /* emoji.bundle */ = {isa = PBXFileReference; lastKnownFileType = "wrapper.plug-in"; path = emoji.bundle; sourceTree = "<group>"; };
		1AB23870E5DE126CCB6F1B5C /* Pods-KiteFly.release.xcconfig */ = {isa = PBXFileReference; includeInIndex = 1; lastKnownFileType = text.xcconfig; name = "Pods-KiteFly.release.xcconfig"; path = "Target Support Files/Pods-KiteFly/Pods-KiteFly.release.xcconfig"; sourceTree = "<group>"; };
		D03606DFC8CBFF24D4CB6109 /* Pods-KiteFly.debug.xcconfig */ = {isa = PBXFileReference; includeInIndex = 1; lastKnownFileType = text.xcconfig; name = "Pods-KiteFly.debug.xcconfig"; path = "Target Support Files/Pods-KiteFly/Pods-KiteFly.debug.xcconfig"; sourceTree = "<group>"; };
/* End PBXFileReference section */

/* Begin PBXFrameworksBuildPhase section */
		185F5E5327F41CD100AFBA3F /* Frameworks */ = {
			isa = PBXFrameworksBuildPhase;
			buildActionMask = 2147483647;
			files = (
				3A80DF929CFD9A1BD514450A /* Pods_KiteFly.framework in Frameworks */,
			);
			runOnlyForDeploymentPostprocessing = 0;
		};
/* End PBXFrameworksBuildPhase section */

/* Begin PBXGroup section */
		1857A807280D676000E31D1A /* Other */ = {
			isa = PBXGroup;
			children = (
				1857A812280D74F600E31D1A /* String+Extension.swift */,
				1857A80C280D679C00E31D1A /* UIColor+Extension.swift */,
				1857A809280D677500E31D1A /* KFTabBarController.swift */,
			);
			path = Other;
			sourceTree = "<group>";
		};
		185F5E4D27F41CD100AFBA3F = {
			isa = PBXGroup;
			children = (
				185F5E5827F41CD100AFBA3F /* KiteFly */,
				185F5E5727F41CD100AFBA3F /* Products */,
				AFB796CE5F1A8941B8062004 /* Pods */,
				599314E84E022005B57DE891 /* Frameworks */,
			);
			sourceTree = "<group>";
		};
		185F5E5727F41CD100AFBA3F /* Products */ = {
			isa = PBXGroup;
			children = (
				185F5E5627F41CD100AFBA3F /* KiteFly.app */,
			);
			name = Products;
			sourceTree = "<group>";
		};
		185F5E5827F41CD100AFBA3F /* KiteFly */ = {
			isa = PBXGroup;
			children = (
				1857A807280D676000E31D1A /* Other */,
				185F5F6527F6CD5400AFBA3F /* Message */,
				185F5ED927F47C4500AFBA3F /* Resource */,
				185F5E7027F41DA600AFBA3F /* Setting */,
				185F5E6F27F41D8400AFBA3F /* Community */,
				185F5E6E27F41D6600AFBA3F /* HomePage */,
				185F5E6D27F41D6100AFBA3F /* Login */,
				185F5E5927F41CD100AFBA3F /* AppDelegate.swift */,
				185F5E5F27F41CD100AFBA3F /* Main.storyboard */,
				185F5E6227F41CD200AFBA3F /* Assets.xcassets */,
				185F5E6427F41CD200AFBA3F /* LaunchScreen.storyboard */,
				185F5E6727F41CD200AFBA3F /* Info.plist */,
				185F5EB127F42C1A00AFBA3F /* KiteFly-Bridging-Header.h */,
			);
			path = KiteFly;
			sourceTree = "<group>";
		};
		185F5E6D27F41D6100AFBA3F /* Login */ = {
			isa = PBXGroup;
			children = (
				185F5E7127F41DE200AFBA3F /* KFLoginViewController.swift */,
				185F5EB727F438F100AFBA3F /* KFRegisterViewController.swift */,
			);
			path = Login;
			sourceTree = "<group>";
		};
		185F5E6E27F41D6600AFBA3F /* HomePage */ = {
			isa = PBXGroup;
			children = (
				185F5EC927F44C3300AFBA3F /* Resource */,
				185F5EC027F4431800AFBA3F /* View */,
				185F5EBB27F43F0300AFBA3F /* Model */,
				185F5ED627F47B4A00AFBA3F /* ViewController */,
			);
			path = HomePage;
			sourceTree = "<group>";
		};
		185F5E6F27F41D8400AFBA3F /* Community */ = {
			isa = PBXGroup;
			children = (
				185F5EF527F5838C00AFBA3F /* Resource */,
				185F5EEA27F5707700AFBA3F /* ViewController */,
				185F5EE927F5707300AFBA3F /* Model */,
				185F5EE827F5706E00AFBA3F /* View */,
			);
			path = Community;
			sourceTree = "<group>";
		};
		185F5E7027F41DA600AFBA3F /* Setting */ = {
			isa = PBXGroup;
			children = (
				185F5F4827F5C54300AFBA3F /* Resource */,
				185F5F4727F5C53F00AFBA3F /* View */,
				185F5F4627F5C53B00AFBA3F /* Model */,
				185F5F4527F5C53400AFBA3F /* ViewController */,
			);
			path = Setting;
			sourceTree = "<group>";
		};
		185F5EBB27F43F0300AFBA3F /* Model */ = {
			isa = PBXGroup;
			children = (
				185F5EBC27F43F1900AFBA3F /* KFNewsModel.swift */,
				185F5EBE27F440D300AFBA3F /* KFNoticeModel.swift */,
				185F5ED227F4791F00AFBA3F /* KFHomePageModel.swift */,
				185F5EE427F5595600AFBA3F /* KFUserModel.swift */,
			);
			path = Model;
			sourceTree = "<group>";
		};
		185F5EC027F4431800AFBA3F /* View */ = {
			isa = PBXGroup;
			children = (
				185F5EC127F4433800AFBA3F /* KFHomeNewsItem.swift */,
				185F5EC327F4442700AFBA3F /* KFHomeNoticCell.swift */,
				185F5ED027F4729300AFBA3F /* KFHomePageCell.swift */,
				185F5EE227F556EF00AFBA3F /* KFHomeMemberListCell.swift */,
				185F5F5527F6A4CA00AFBA3F /* KFHomeHeaderView.swift */,
			);
			path = View;
			sourceTree = "<group>";
		};
		185F5EC927F44C3300AFBA3F /* Resource */ = {
			isa = PBXGroup;
			children = (
				185F5ED427F47A6A00AFBA3F /* PageUrl.json */,
				185F5ECE27F45B9D00AFBA3F /* NoticModelList.json */,
				185F5ECC27F44DD900AFBA3F /* NewsModelList.json */,
			);
			path = Resource;
			sourceTree = "<group>";
		};
		185F5ED627F47B4A00AFBA3F /* ViewController */ = {
			isa = PBXGroup;
			children = (
				185F5EB927F43E1700AFBA3F /* KFHomeViewController.swift */,
				185F5ED727F47B6300AFBA3F /* KFNewsDetailViewController.swift */,
				185F5EDE27F54FC100AFBA3F /* KFNoticeDetailViewController.swift */,
				185F5EE027F5561C00AFBA3F /* KFRegisterListViewController.swift */,
			);
			path = ViewController;
			sourceTree = "<group>";
		};
		185F5ED927F47C4500AFBA3F /* Resource */ = {
			isa = PBXGroup;
			children = (
				1807471127F8554600D4902D /* fly.json */,
				185F5FD327F6E1DF00AFBA3F /* emoji.bundle */,
				185F5EDA27F47C5500AFBA3F /* iconfont.ttf */,
			);
			path = Resource;
			sourceTree = "<group>";
		};
		185F5EE827F5706E00AFBA3F /* View */ = {
			isa = PBXGroup;
			children = (
				185F5EED27F5780400AFBA3F /* KFCommunityCell.swift */,
				185F5EF327F5816E00AFBA3F /* KFCommunityImageCell.swift */,
				185F5EFA27F58D7C00AFBA3F /* KFCommunityHeaderView.swift */,
				185F5EFC27F58E9900AFBA3F /* KFCommunityRemarkCell.swift */,
			);
			path = View;
			sourceTree = "<group>";
		};
		185F5EE927F5707300AFBA3F /* Model */ = {
			isa = PBXGroup;
			children = (
				185F5EEF27F578BE00AFBA3F /* KFCommunityModel.swift */,
				185F5EF127F5792200AFBA3F /* KFCommunityRemarkModel.swift */,
			);
			path = Model;
			sourceTree = "<group>";
		};
		185F5EEA27F5707700AFBA3F /* ViewController */ = {
			isa = PBXGroup;
			children = (
				185F5EEB27F5708800AFBA3F /* KFCommunityViewController.swift */,
				185F5EF827F58C6500AFBA3F /* KFCommunityDetailViewController.swift */,
				185F5EFE27F595C200AFBA3F /* KFCommunityRemarkViewController.swift */,
				185F5F0027F598BD00AFBA3F /* KFCommunityPublishViewController.swift */,
				185F5F4327F5B2AD00AFBA3F /* KFCommunityReportViewController.swift */,
				1807470927F7F86500D4902D /* KFCommunityReplyRemarkViewController.swift */,
			);
			path = ViewController;
			sourceTree = "<group>";
		};
		185F5EF527F5838C00AFBA3F /* Resource */ = {
			isa = PBXGroup;
			children = (
				185F5EF627F583B800AFBA3F /* CommunityList.json */,
			);
			path = Resource;
			sourceTree = "<group>";
		};
		185F5F4527F5C53400AFBA3F /* ViewController */ = {
			isa = PBXGroup;
			children = (
				185F5F4927F5C55F00AFBA3F /* KFSettingViewController.swift */,
				185F5F5127F69BB600AFBA3F /* KFWebViewController.swift */,
				185F5F5727F6A7DB00AFBA3F /* KFSettingMoreViewController.swift */,
				185F5F5927F6AA1000AFBA3F /* KFSettingNoticeViewController.swift */,
				185F5F5D27F6ABC100AFBA3F /* KFSettingMyRegisterViewController.swift */,
				185F5F6127F6BFAB00AFBA3F /* KFSettingRenameViewController.swift */,
				1807470B27F820F300D4902D /* KFSettingUserDetailViewController.swift */,
			);
			path = ViewController;
			sourceTree = "<group>";
		};
		185F5F4627F5C53B00AFBA3F /* Model */ = {
			isa = PBXGroup;
			children = (
			);
			path = Model;
			sourceTree = "<group>";
		};
		185F5F4727F5C53F00AFBA3F /* View */ = {
			isa = PBXGroup;
			children = (
				185F5F4B27F5C5CD00AFBA3F /* KFSettingHeaderView.swift */,
				185F5F4D27F5CA0200AFBA3F /* KFSettingCell.swift */,
				185F5F5B27F6AABB00AFBA3F /* KFSettingNoticeCell.swift */,
				185F5F5F27F6ACD600AFBA3F /* KFSettingRegisterCell.swift */,
				1807470D27F8253300D4902D /* KFSettingUserDetailCell.swift */,
				1807470F27F827E800D4902D /* KFSettingUserHeaderView.swift */,
			);
			path = View;
			sourceTree = "<group>";
		};
		185F5F4827F5C54300AFBA3F /* Resource */ = {
			isa = PBXGroup;
			children = (
				185F5F5327F69CBE00AFBA3F /* Agreement.html */,
				185F5F4F27F5CCFE00AFBA3F /* UserModel.json */,
			);
			path = Resource;
			sourceTree = "<group>";
		};
		185F5F6527F6CD5400AFBA3F /* Message */ = {
			isa = PBXGroup;
			children = (
				185F5FB827F6D33400AFBA3F /* RongCloud */,
				185F5F6E27F6D03000AFBA3F /* KFChatRoomViewController.swift */,
				185F5F7627F6D03000AFBA3F /* MessageCell */,
				185F5F8627F6D03000AFBA3F /* ToolsView */,
			);
			path = Message;
			sourceTree = "<group>";
		};
		185F5F7627F6D03000AFBA3F /* MessageCell */ = {
			isa = PBXGroup;
			children = (
				185F5F7927F6D03000AFBA3F /* KFChatRoomMessageImageCell.swift */,
				185F5F7A27F6D03000AFBA3F /* KFChatRoomMessageAudioCell.swift */,
				185F5F7B27F6D03000AFBA3F /* KFChatRoomBaseCell.swift */,
				185F5F7E27F6D03000AFBA3F /* KFChatRoomMessageCell.swift */,
				185F5F7F27F6D03000AFBA3F /* KFChatRoomMessageTextCell.swift */,
				185F5F8027F6D03000AFBA3F /* KFChatRoomMessageCellFactory.swift */,
				185F5F8127F6D03000AFBA3F /* MessageCellStatus */,
				185F5F8327F6D03000AFBA3F /* KFChatRoomEmptyCell.swift */,
				185F5F8427F6D03000AFBA3F /* MessageCellBubble */,
			);
			path = MessageCell;
			sourceTree = "<group>";
		};
		185F5F8127F6D03000AFBA3F /* MessageCellStatus */ = {
			isa = PBXGroup;
			children = (
				185F5F8227F6D03000AFBA3F /* KFChatRoomMessageCellStatusView.swift */,
			);
			path = MessageCellStatus;
			sourceTree = "<group>";
		};
		185F5F8427F6D03000AFBA3F /* MessageCellBubble */ = {
			isa = PBXGroup;
			children = (
				185F5F8527F6D03000AFBA3F /* KFChatRoomBaseMessageBubble.swift */,
			);
			path = MessageCellBubble;
			sourceTree = "<group>";
		};
		185F5F8627F6D03000AFBA3F /* ToolsView */ = {
			isa = PBXGroup;
			children = (
				185F5F8727F6D03000AFBA3F /* BPChatRoomToolsView.swift */,
				185F5F8827F6D03000AFBA3F /* Views */,
			);
			path = ToolsView;
			sourceTree = "<group>";
		};
		185F5F8827F6D03000AFBA3F /* Views */ = {
			isa = PBXGroup;
			children = (
				185F5F8927F6D03000AFBA3F /* KFChatInputView.swift */,
				185F5F8A27F6D03000AFBA3F /* RecordVoice */,
				185F5F8E27F6D03000AFBA3F /* Emoji */,
				185F5F9227F6D03000AFBA3F /* KFChatMoreView.swift */,
			);
			path = Views;
			sourceTree = "<group>";
		};
		185F5F8A27F6D03000AFBA3F /* RecordVoice */ = {
			isa = PBXGroup;
			children = (
				185F5F8B27F6D03000AFBA3F /* KFRecordToolView.swift */,
				185F5F8C27F6D03000AFBA3F /* KFRecordAnimationItemLayer.swift */,
				185F5F8D27F6D03000AFBA3F /* KFRecordVoiceAnimationLayer.swift */,
			);
			path = RecordVoice;
			sourceTree = "<group>";
		};
		185F5F8E27F6D03000AFBA3F /* Emoji */ = {
			isa = PBXGroup;
			children = (
				185F5F8F27F6D03000AFBA3F /* KFEmojiModel.swift */,
				185F5F9027F6D03000AFBA3F /* KFEmojiCell.swift */,
				185F5F9127F6D03000AFBA3F /* KFEmojiToolView.swift */,
			);
			path = Emoji;
			sourceTree = "<group>";
		};
		185F5FB827F6D33400AFBA3F /* RongCloud */ = {
			isa = PBXGroup;
			children = (
				185F5FD127F6D8E900AFBA3F /* KFChatRequestManager.swift */,
				185F5FC227F6D4AF00AFBA3F /* RCHQVoiceMessage+Extension.swift */,
				185F5FB927F6D34500AFBA3F /* RCMessag+Extension.swift */,
			);
			path = RongCloud;
			sourceTree = "<group>";
		};
		599314E84E022005B57DE891 /* Frameworks */ = {
			isa = PBXGroup;
			children = (
				1206E9800750F747AF76704B /* Pods_KiteFly.framework */,
			);
			name = Frameworks;
			sourceTree = "<group>";
		};
		AFB796CE5F1A8941B8062004 /* Pods */ = {
			isa = PBXGroup;
			children = (
				D03606DFC8CBFF24D4CB6109 /* Pods-KiteFly.debug.xcconfig */,
				1AB23870E5DE126CCB6F1B5C /* Pods-KiteFly.release.xcconfig */,
			);
			path = Pods;
			sourceTree = "<group>";
		};
/* End PBXGroup section */

/* Begin PBXNativeTarget section */
		185F5E5527F41CD100AFBA3F /* KiteFly */ = {
			isa = PBXNativeTarget;
			buildConfigurationList = 185F5E6A27F41CD200AFBA3F /* Build configuration list for PBXNativeTarget "KiteFly" */;
			buildPhases = (
				865D25E7D60CDCBFCA03252F /* [CP] Check Pods Manifest.lock */,
				185F5E5227F41CD100AFBA3F /* Sources */,
				185F5E5327F41CD100AFBA3F /* Frameworks */,
				185F5E5427F41CD100AFBA3F /* Resources */,
				F1980771258E45DAC0CD4BF1 /* [CP] Embed Pods Frameworks */,
				1A889047F14C511DA4B88888 /* [CP] Copy Pods Resources */,
			);
			buildRules = (
			);
			dependencies = (
			);
			name = KiteFly;
			productName = KiteFly;
			productReference = 185F5E5627F41CD100AFBA3F /* KiteFly.app */;
			productType = "com.apple.product-type.application";
		};
/* End PBXNativeTarget section */

/* Begin PBXProject section */
		185F5E4E27F41CD100AFBA3F /* Project object */ = {
			isa = PBXProject;
			attributes = {
				BuildIndependentTargetsInParallel = 1;
				LastSwiftUpdateCheck = 1330;
				LastUpgradeCheck = 1330;
				TargetAttributes = {
					185F5E5527F41CD100AFBA3F = {
						CreatedOnToolsVersion = 13.3;
						LastSwiftMigration = 1330;
					};
				};
			};
			buildConfigurationList = 185F5E5127F41CD100AFBA3F /* Build configuration list for PBXProject "KiteFly" */;
			compatibilityVersion = "Xcode 13.0";
			developmentRegion = en;
			hasScannedForEncodings = 0;
			knownRegions = (
				en,
				Base,
			);
			mainGroup = 185F5E4D27F41CD100AFBA3F;
			productRefGroup = 185F5E5727F41CD100AFBA3F /* Products */;
			projectDirPath = "";
			projectRoot = "";
			targets = (
				185F5E5527F41CD100AFBA3F /* KiteFly */,
			);
		};
/* End PBXProject section */

/* Begin PBXResourcesBuildPhase section */
		185F5E5427F41CD100AFBA3F /* Resources */ = {
			isa = PBXResourcesBuildPhase;
			buildActionMask = 2147483647;
			files = (
				185F5FD427F6E1DF00AFBA3F /* emoji.bundle in Resources */,
				185F5EDB27F5400B00AFBA3F /* iconfont.ttf in Resources */,
				185F5ECD27F44DD900AFBA3F /* NewsModelList.json in Resources */,
				185F5E6627F41CD200AFBA3F /* LaunchScreen.storyboard in Resources */,
				185F5F5427F69CBE00AFBA3F /* Agreement.html in Resources */,
				185F5EF727F583B800AFBA3F /* CommunityList.json in Resources */,
				185F5ED527F47A6A00AFBA3F /* PageUrl.json in Resources */,
				185F5ECF27F45B9E00AFBA3F /* NoticModelList.json in Resources */,
				185F5E6327F41CD200AFBA3F /* Assets.xcassets in Resources */,
				185F5F5027F5CCFE00AFBA3F /* UserModel.json in Resources */,
				185F5E6127F41CD100AFBA3F /* Main.storyboard in Resources */,
				1807471227F8554600D4902D /* fly.json in Resources */,
			);
			runOnlyForDeploymentPostprocessing = 0;
		};
/* End PBXResourcesBuildPhase section */

/* Begin PBXShellScriptBuildPhase section */
		1A889047F14C511DA4B88888 /* [CP] Copy Pods Resources */ = {
			isa = PBXShellScriptBuildPhase;
			buildActionMask = 2147483647;
			files = (
			);
			inputFileListPaths = (
				"${PODS_ROOT}/Target Support Files/Pods-KiteFly/Pods-KiteFly-resources-${CONFIGURATION}-input-files.xcfilelist",
			);
			name = "[CP] Copy Pods Resources";
			outputFileListPaths = (
				"${PODS_ROOT}/Target Support Files/Pods-KiteFly/Pods-KiteFly-resources-${CONFIGURATION}-output-files.xcfilelist",
			);
			runOnlyForDeploymentPostprocessing = 0;
			shellPath = /bin/sh;
			shellScript = "\"${PODS_ROOT}/Target Support Files/Pods-KiteFly/Pods-KiteFly-resources.sh\"\n";
			showEnvVarsInLog = 0;
		};
		865D25E7D60CDCBFCA03252F /* [CP] Check Pods Manifest.lock */ = {
			isa = PBXShellScriptBuildPhase;
			buildActionMask = 2147483647;
			files = (
			);
			inputFileListPaths = (
			);
			inputPaths = (
				"${PODS_PODFILE_DIR_PATH}/Podfile.lock",
				"${PODS_ROOT}/Manifest.lock",
			);
			name = "[CP] Check Pods Manifest.lock";
			outputFileListPaths = (
			);
			outputPaths = (
				"$(DERIVED_FILE_DIR)/Pods-KiteFly-checkManifestLockResult.txt",
			);
			runOnlyForDeploymentPostprocessing = 0;
			shellPath = /bin/sh;
			shellScript = "diff \"${PODS_PODFILE_DIR_PATH}/Podfile.lock\" \"${PODS_ROOT}/Manifest.lock\" > /dev/null\nif [ $? != 0 ] ; then\n    # print error to STDERR\n    echo \"error: The sandbox is not in sync with the Podfile.lock. Run 'pod install' or update your CocoaPods installation.\" >&2\n    exit 1\nfi\n# This output is used by Xcode 'outputs' to avoid re-running this script phase.\necho \"SUCCESS\" > \"${SCRIPT_OUTPUT_FILE_0}\"\n";
			showEnvVarsInLog = 0;
		};
		F1980771258E45DAC0CD4BF1 /* [CP] Embed Pods Frameworks */ = {
			isa = PBXShellScriptBuildPhase;
			buildActionMask = 2147483647;
			files = (
			);
			inputFileListPaths = (
				"${PODS_ROOT}/Target Support Files/Pods-KiteFly/Pods-KiteFly-frameworks-${CONFIGURATION}-input-files.xcfilelist",
			);
			name = "[CP] Embed Pods Frameworks";
			outputFileListPaths = (
				"${PODS_ROOT}/Target Support Files/Pods-KiteFly/Pods-KiteFly-frameworks-${CONFIGURATION}-output-files.xcfilelist",
			);
			runOnlyForDeploymentPostprocessing = 0;
			shellPath = /bin/sh;
			shellScript = "\"${PODS_ROOT}/Target Support Files/Pods-KiteFly/Pods-KiteFly-frameworks.sh\"\n";
			showEnvVarsInLog = 0;
		};
/* End PBXShellScriptBuildPhase section */

/* Begin PBXSourcesBuildPhase section */
		185F5E5227F41CD100AFBA3F /* Sources */ = {
			isa = PBXSourcesBuildPhase;
			buildActionMask = 2147483647;
			files = (
				185F5EFD27F58E9900AFBA3F /* KFCommunityRemarkCell.swift in Sources */,
				185F5EBD27F43F1900AFBA3F /* KFNewsModel.swift in Sources */,
				185F5FA727F6D03000AFBA3F /* KFChatRoomEmptyCell.swift in Sources */,
				1857A80D280D679C00E31D1A /* UIColor+Extension.swift in Sources */,
				185F5EF927F58C6500AFBA3F /* KFCommunityDetailViewController.swift in Sources */,
				185F5FA327F6D03000AFBA3F /* KFChatRoomMessageCell.swift in Sources */,
				185F5EF427F5816E00AFBA3F /* KFCommunityImageCell.swift in Sources */,
				185F5F5627F6A4CA00AFBA3F /* KFHomeHeaderView.swift in Sources */,
				185F5ED327F4791F00AFBA3F /* KFHomePageModel.swift in Sources */,
				185F5EB827F438F100AFBA3F /* KFRegisterViewController.swift in Sources */,
				185F5FAB27F6D03000AFBA3F /* KFRecordToolView.swift in Sources */,
				185F5ED827F47B6300AFBA3F /* KFNewsDetailViewController.swift in Sources */,
				185F5FA627F6D03000AFBA3F /* KFChatRoomMessageCellStatusView.swift in Sources */,
				185F5F5227F69BB600AFBA3F /* KFWebViewController.swift in Sources */,
				185F5F9E27F6D03000AFBA3F /* KFChatRoomMessageImageCell.swift in Sources */,
				185F5FA827F6D03000AFBA3F /* KFChatRoomBaseMessageBubble.swift in Sources */,
				1807470E27F8253300D4902D /* KFSettingUserDetailCell.swift in Sources */,
				185F5FA427F6D03000AFBA3F /* KFChatRoomMessageTextCell.swift in Sources */,
				185F5EC227F4433800AFBA3F /* KFHomeNewsItem.swift in Sources */,
				185F5F4C27F5C5CD00AFBA3F /* KFSettingHeaderView.swift in Sources */,
				185F5F9F27F6D03000AFBA3F /* KFChatRoomMessageAudioCell.swift in Sources */,
				185F5EC427F4442700AFBA3F /* KFHomeNoticCell.swift in Sources */,
				185F5EBF27F440D300AFBA3F /* KFNoticeModel.swift in Sources */,
				185F5F6227F6BFAB00AFBA3F /* KFSettingRenameViewController.swift in Sources */,
				185F5E5A27F41CD100AFBA3F /* AppDelegate.swift in Sources */,
				185F5FD227F6D8E900AFBA3F /* KFChatRequestManager.swift in Sources */,
				185F5EBA27F43E1700AFBA3F /* KFHomeViewController.swift in Sources */,
				185F5FBA27F6D34500AFBA3F /* RCMessag+Extension.swift in Sources */,
				185F5FAD27F6D03000AFBA3F /* KFRecordVoiceAnimationLayer.swift in Sources */,
				185F5EE327F556EF00AFBA3F /* KFHomeMemberListCell.swift in Sources */,
				185F5FAE27F6D03000AFBA3F /* KFEmojiModel.swift in Sources */,
				185F5FAC27F6D03000AFBA3F /* KFRecordAnimationItemLayer.swift in Sources */,
				185F5F0127F598BD00AFBA3F /* KFCommunityPublishViewController.swift in Sources */,
				185F5EFB27F58D7C00AFBA3F /* KFCommunityHeaderView.swift in Sources */,
				185F5FC327F6D4AF00AFBA3F /* RCHQVoiceMessage+Extension.swift in Sources */,
				1857A80B280D677500E31D1A /* KFTabBarController.swift in Sources */,
				185F5F5827F6A7DB00AFBA3F /* KFSettingMoreViewController.swift in Sources */,
				185F5EFF27F595C200AFBA3F /* KFCommunityRemarkViewController.swift in Sources */,
				185F5FAF27F6D03000AFBA3F /* KFEmojiCell.swift in Sources */,
				185F5F4E27F5CA0200AFBA3F /* KFSettingCell.swift in Sources */,
				185F5EF227F5792200AFBA3F /* KFCommunityRemarkModel.swift in Sources */,
				185F5FB127F6D03000AFBA3F /* KFChatMoreView.swift in Sources */,
				185F5ED127F4729300AFBA3F /* KFHomePageCell.swift in Sources */,
				185F5F6027F6ACD600AFBA3F /* KFSettingRegisterCell.swift in Sources */,
				185F5EDF27F54FC100AFBA3F /* KFNoticeDetailViewController.swift in Sources */,
				185F5F5E27F6ABC100AFBA3F /* KFSettingMyRegisterViewController.swift in Sources */,
				1807471027F827E800D4902D /* KFSettingUserHeaderView.swift in Sources */,
				185F5FA027F6D03000AFBA3F /* KFChatRoomBaseCell.swift in Sources */,
				185F5F4427F5B2AD00AFBA3F /* KFCommunityReportViewController.swift in Sources */,
				185F5F9627F6D03000AFBA3F /* KFChatRoomViewController.swift in Sources */,
				185F5F5C27F6AABB00AFBA3F /* KFSettingNoticeCell.swift in Sources */,
				185F5FA527F6D03000AFBA3F /* KFChatRoomMessageCellFactory.swift in Sources */,
				185F5EEE27F5780400AFBA3F /* KFCommunityCell.swift in Sources */,
				185F5FB027F6D03000AFBA3F /* KFEmojiToolView.swift in Sources */,
				1807470A27F7F86500D4902D /* KFCommunityReplyRemarkViewController.swift in Sources */,
				185F5F5A27F6AA1000AFBA3F /* KFSettingNoticeViewController.swift in Sources */,
				1857A813280D74F600E31D1A /* String+Extension.swift in Sources */,
				185F5EF027F578BE00AFBA3F /* KFCommunityModel.swift in Sources */,
				185F5EEC27F5708800AFBA3F /* KFCommunityViewController.swift in Sources */,
				185F5FA927F6D03000AFBA3F /* BPChatRoomToolsView.swift in Sources */,
				185F5EE127F5561C00AFBA3F /* KFRegisterListViewController.swift in Sources */,
				185F5E7227F41DE200AFBA3F /* KFLoginViewController.swift in Sources */,
				1807470C27F820F300D4902D /* KFSettingUserDetailViewController.swift in Sources */,
				185F5FAA27F6D03000AFBA3F /* KFChatInputView.swift in Sources */,
				185F5EE527F5595600AFBA3F /* KFUserModel.swift in Sources */,
				185F5F4A27F5C55F00AFBA3F /* KFSettingViewController.swift in Sources */,
			);
			runOnlyForDeploymentPostprocessing = 0;
		};
/* End PBXSourcesBuildPhase section */

/* Begin PBXVariantGroup section */
		185F5E5F27F41CD100AFBA3F /* Main.storyboard */ = {
			isa = PBXVariantGroup;
			children = (
				185F5E6027F41CD100AFBA3F /* Base */,
			);
			name = Main.storyboard;
			sourceTree = "<group>";
		};
		185F5E6427F41CD200AFBA3F /* LaunchScreen.storyboard */ = {
			isa = PBXVariantGroup;
			children = (
				185F5E6527F41CD200AFBA3F /* Base */,
			);
			name = LaunchScreen.storyboard;
			sourceTree = "<group>";
		};
/* End PBXVariantGroup section */

/* Begin XCBuildConfiguration section */
		185F5E6827F41CD200AFBA3F /* Debug */ = {
			isa = XCBuildConfiguration;
			buildSettings = {
				ALWAYS_SEARCH_USER_PATHS = NO;
				CLANG_ANALYZER_NONNULL = YES;
				CLANG_ANALYZER_NUMBER_OBJECT_CONVERSION = YES_AGGRESSIVE;
				CLANG_CXX_LANGUAGE_STANDARD = "gnu++17";
				CLANG_ENABLE_MODULES = YES;
				CLANG_ENABLE_OBJC_ARC = YES;
				CLANG_ENABLE_OBJC_WEAK = YES;
				CLANG_WARN_BLOCK_CAPTURE_AUTORELEASING = YES;
				CLANG_WARN_BOOL_CONVERSION = YES;
				CLANG_WARN_COMMA = YES;
				CLANG_WARN_CONSTANT_CONVERSION = YES;
				CLANG_WARN_DEPRECATED_OBJC_IMPLEMENTATIONS = YES;
				CLANG_WARN_DIRECT_OBJC_ISA_USAGE = YES_ERROR;
				CLANG_WARN_DOCUMENTATION_COMMENTS = YES;
				CLANG_WARN_EMPTY_BODY = YES;
				CLANG_WARN_ENUM_CONVERSION = YES;
				CLANG_WARN_INFINITE_RECURSION = YES;
				CLANG_WARN_INT_CONVERSION = YES;
				CLANG_WARN_NON_LITERAL_NULL_CONVERSION = YES;
				CLANG_WARN_OBJC_IMPLICIT_RETAIN_SELF = YES;
				CLANG_WARN_OBJC_LITERAL_CONVERSION = YES;
				CLANG_WARN_OBJC_ROOT_CLASS = YES_ERROR;
				CLANG_WARN_QUOTED_INCLUDE_IN_FRAMEWORK_HEADER = YES;
				CLANG_WARN_RANGE_LOOP_ANALYSIS = YES;
				CLANG_WARN_STRICT_PROTOTYPES = YES;
				CLANG_WARN_SUSPICIOUS_MOVE = YES;
				CLANG_WARN_UNGUARDED_AVAILABILITY = YES_AGGRESSIVE;
				CLANG_WARN_UNREACHABLE_CODE = YES;
				CLANG_WARN__DUPLICATE_METHOD_MATCH = YES;
				COPY_PHASE_STRIP = NO;
				DEBUG_INFORMATION_FORMAT = dwarf;
				ENABLE_STRICT_OBJC_MSGSEND = YES;
				ENABLE_TESTABILITY = YES;
				GCC_C_LANGUAGE_STANDARD = gnu11;
				GCC_DYNAMIC_NO_PIC = NO;
				GCC_NO_COMMON_BLOCKS = YES;
				GCC_OPTIMIZATION_LEVEL = 0;
				GCC_PREPROCESSOR_DEFINITIONS = (
					"DEBUG=1",
					"$(inherited)",
				);
				GCC_WARN_64_TO_32_BIT_CONVERSION = YES;
				GCC_WARN_ABOUT_RETURN_TYPE = YES_ERROR;
				GCC_WARN_UNDECLARED_SELECTOR = YES;
				GCC_WARN_UNINITIALIZED_AUTOS = YES_AGGRESSIVE;
				GCC_WARN_UNUSED_FUNCTION = YES;
				GCC_WARN_UNUSED_VARIABLE = YES;
				IPHONEOS_DEPLOYMENT_TARGET = 15.4;
				MTL_ENABLE_DEBUG_INFO = INCLUDE_SOURCE;
				MTL_FAST_MATH = YES;
				ONLY_ACTIVE_ARCH = YES;
				SDKROOT = iphoneos;
				SWIFT_ACTIVE_COMPILATION_CONDITIONS = DEBUG;
				SWIFT_OPTIMIZATION_LEVEL = "-Onone";
			};
			name = Debug;
		};
		185F5E6927F41CD200AFBA3F /* Release */ = {
			isa = XCBuildConfiguration;
			buildSettings = {
				ALWAYS_SEARCH_USER_PATHS = NO;
				CLANG_ANALYZER_NONNULL = YES;
				CLANG_ANALYZER_NUMBER_OBJECT_CONVERSION = YES_AGGRESSIVE;
				CLANG_CXX_LANGUAGE_STANDARD = "gnu++17";
				CLANG_ENABLE_MODULES = YES;
				CLANG_ENABLE_OBJC_ARC = YES;
				CLANG_ENABLE_OBJC_WEAK = YES;
				CLANG_WARN_BLOCK_CAPTURE_AUTORELEASING = YES;
				CLANG_WARN_BOOL_CONVERSION = YES;
				CLANG_WARN_COMMA = YES;
				CLANG_WARN_CONSTANT_CONVERSION = YES;
				CLANG_WARN_DEPRECATED_OBJC_IMPLEMENTATIONS = YES;
				CLANG_WARN_DIRECT_OBJC_ISA_USAGE = YES_ERROR;
				CLANG_WARN_DOCUMENTATION_COMMENTS = YES;
				CLANG_WARN_EMPTY_BODY = YES;
				CLANG_WARN_ENUM_CONVERSION = YES;
				CLANG_WARN_INFINITE_RECURSION = YES;
				CLANG_WARN_INT_CONVERSION = YES;
				CLANG_WARN_NON_LITERAL_NULL_CONVERSION = YES;
				CLANG_WARN_OBJC_IMPLICIT_RETAIN_SELF = YES;
				CLANG_WARN_OBJC_LITERAL_CONVERSION = YES;
				CLANG_WARN_OBJC_ROOT_CLASS = YES_ERROR;
				CLANG_WARN_QUOTED_INCLUDE_IN_FRAMEWORK_HEADER = YES;
				CLANG_WARN_RANGE_LOOP_ANALYSIS = YES;
				CLANG_WARN_STRICT_PROTOTYPES = YES;
				CLANG_WARN_SUSPICIOUS_MOVE = YES;
				CLANG_WARN_UNGUARDED_AVAILABILITY = YES_AGGRESSIVE;
				CLANG_WARN_UNREACHABLE_CODE = YES;
				CLANG_WARN__DUPLICATE_METHOD_MATCH = YES;
				COPY_PHASE_STRIP = NO;
				DEBUG_INFORMATION_FORMAT = "dwarf-with-dsym";
				ENABLE_NS_ASSERTIONS = NO;
				ENABLE_STRICT_OBJC_MSGSEND = YES;
				GCC_C_LANGUAGE_STANDARD = gnu11;
				GCC_NO_COMMON_BLOCKS = YES;
				GCC_WARN_64_TO_32_BIT_CONVERSION = YES;
				GCC_WARN_ABOUT_RETURN_TYPE = YES_ERROR;
				GCC_WARN_UNDECLARED_SELECTOR = YES;
				GCC_WARN_UNINITIALIZED_AUTOS = YES_AGGRESSIVE;
				GCC_WARN_UNUSED_FUNCTION = YES;
				GCC_WARN_UNUSED_VARIABLE = YES;
				IPHONEOS_DEPLOYMENT_TARGET = 15.4;
				MTL_ENABLE_DEBUG_INFO = NO;
				MTL_FAST_MATH = YES;
				SDKROOT = iphoneos;
				SWIFT_COMPILATION_MODE = wholemodule;
				SWIFT_OPTIMIZATION_LEVEL = "-O";
				VALIDATE_PRODUCT = YES;
			};
			name = Release;
		};
		185F5E6B27F41CD200AFBA3F /* Debug */ = {
			isa = XCBuildConfiguration;
			baseConfigurationReference = D03606DFC8CBFF24D4CB6109 /* Pods-KiteFly.debug.xcconfig */;
			buildSettings = {
				ASSETCATALOG_COMPILER_APPICON_NAME = AppIcon;
				ASSETCATALOG_COMPILER_GLOBAL_ACCENT_COLOR_NAME = AccentColor;
				CLANG_ENABLE_MODULES = YES;
				CODE_SIGN_IDENTITY = "iPhone Distribution";
				CODE_SIGN_STYLE = Manual;
				CURRENT_PROJECT_VERSION = 1;
				DEVELOPMENT_TEAM = ZHR7F5WNWR;
				GCC_PRECOMPILE_PREFIX_HEADER = NO;
				GCC_PREFIX_HEADER = "";
				GENERATE_INFOPLIST_FILE = YES;
				INFOPLIST_FILE = KiteFly/Info.plist;
				INFOPLIST_KEY_NSCameraUsageDescription = "请允许使用相机，以便您使用拍照功能";
				INFOPLIST_KEY_NSMicrophoneUsageDescription = "请允许使用麦克风，以便于您使用语音消息功能";
				INFOPLIST_KEY_NSPhotoLibraryAddUsageDescription = "请允许访问相册，以便于发送图片";
				INFOPLIST_KEY_NSPhotoLibraryUsageDescription = "请允许访问相册，以便于上传头像和发布动态";
				INFOPLIST_KEY_UIApplicationSupportsIndirectInputEvents = YES;
				INFOPLIST_KEY_UILaunchStoryboardName = LaunchScreen;
				INFOPLIST_KEY_UIMainStoryboardFile = Main;
				INFOPLIST_KEY_UISupportedInterfaceOrientations = UIInterfaceOrientationPortrait;
				INFOPLIST_KEY_UISupportedInterfaceOrientations_iPad = "UIInterfaceOrientationPortrait UIInterfaceOrientationPortraitUpsideDown UIInterfaceOrientationLandscapeLeft UIInterfaceOrientationLandscapeRight";
				INFOPLIST_KEY_UISupportedInterfaceOrientations_iPhone = "UIInterfaceOrientationPortrait UIInterfaceOrientationLandscapeLeft UIInterfaceOrientationLandscapeRight";
				IPHONEOS_DEPLOYMENT_TARGET = 11.0;
				LD_RUNPATH_SEARCH_PATHS = (
					"$(inherited)",
					"@executable_path/Frameworks",
				);
				MARKETING_VERSION = 1.0;
				PRODUCT_BUNDLE_IDENTIFIER = com.mx.flykite;
				PRODUCT_NAME = "$(TARGET_NAME)";
				PROVISIONING_PROFILE_SPECIFIER = push;
				SWIFT_EMIT_LOC_STRINGS = YES;
				SWIFT_OBJC_BRIDGING_HEADER = "KiteFly/KiteFly-Bridging-Header.h";
				SWIFT_OPTIMIZATION_LEVEL = "-Onone";
				SWIFT_VERSION = 5.0;
				TARGETED_DEVICE_FAMILY = 1;
			};
			name = Debug;
		};
		185F5E6C27F41CD200AFBA3F /* Release */ = {
			isa = XCBuildConfiguration;
			baseConfigurationReference = 1AB23870E5DE126CCB6F1B5C /* Pods-KiteFly.release.xcconfig */;
			buildSettings = {
				ASSETCATALOG_COMPILER_APPICON_NAME = AppIcon;
				ASSETCATALOG_COMPILER_GLOBAL_ACCENT_COLOR_NAME = AccentColor;
				CLANG_ENABLE_MODULES = YES;
				CODE_SIGN_IDENTITY = "iPhone Distribution";
				CODE_SIGN_STYLE = Manual;
				CURRENT_PROJECT_VERSION = 1;
				DEVELOPMENT_TEAM = ZHR7F5WNWR;
				GCC_PRECOMPILE_PREFIX_HEADER = NO;
				GCC_PREFIX_HEADER = "";
				GENERATE_INFOPLIST_FILE = YES;
				INFOPLIST_FILE = KiteFly/Info.plist;
				INFOPLIST_KEY_NSCameraUsageDescription = "请允许使用相机，以便您使用拍照功能";
				INFOPLIST_KEY_NSMicrophoneUsageDescription = "请允许使用麦克风，以便于您使用语音消息功能";
				INFOPLIST_KEY_NSPhotoLibraryAddUsageDescription = "请允许访问相册，以便于发送图片";
				INFOPLIST_KEY_NSPhotoLibraryUsageDescription = "请允许访问相册，以便于上传头像和发布动态";
				INFOPLIST_KEY_UIApplicationSupportsIndirectInputEvents = YES;
				INFOPLIST_KEY_UILaunchStoryboardName = LaunchScreen;
				INFOPLIST_KEY_UIMainStoryboardFile = Main;
				INFOPLIST_KEY_UISupportedInterfaceOrientations = UIInterfaceOrientationPortrait;
				INFOPLIST_KEY_UISupportedInterfaceOrientations_iPad = "UIInterfaceOrientationPortrait UIInterfaceOrientationPortraitUpsideDown UIInterfaceOrientationLandscapeLeft UIInterfaceOrientationLandscapeRight";
				INFOPLIST_KEY_UISupportedInterfaceOrientations_iPhone = "UIInterfaceOrientationPortrait UIInterfaceOrientationLandscapeLeft UIInterfaceOrientationLandscapeRight";
				IPHONEOS_DEPLOYMENT_TARGET = 11.0;
				LD_RUNPATH_SEARCH_PATHS = (
					"$(inherited)",
					"@executable_path/Frameworks",
				);
				MARKETING_VERSION = 1.0;
				PRODUCT_BUNDLE_IDENTIFIER = com.mx.flykite;
				PRODUCT_NAME = "$(TARGET_NAME)";
				PROVISIONING_PROFILE_SPECIFIER = push;
				SWIFT_EMIT_LOC_STRINGS = YES;
				SWIFT_OBJC_BRIDGING_HEADER = "KiteFly/KiteFly-Bridging-Header.h";
				SWIFT_VERSION = 5.0;
				TARGETED_DEVICE_FAMILY = 1;
			};
			name = Release;
		};
/* End XCBuildConfiguration section */

/* Begin XCConfigurationList section */
		185F5E5127F41CD100AFBA3F /* Build configuration list for PBXProject "KiteFly" */ = {
			isa = XCConfigurationList;
			buildConfigurations = (
				185F5E6827F41CD200AFBA3F /* Debug */,
				185F5E6927F41CD200AFBA3F /* Release */,
			);
			defaultConfigurationIsVisible = 0;
			defaultConfigurationName = Release;
		};
		185F5E6A27F41CD200AFBA3F /* Build configuration list for PBXNativeTarget "KiteFly" */ = {
			isa = XCConfigurationList;
			buildConfigurations = (
				185F5E6B27F41CD200AFBA3F /* Debug */,
				185F5E6C27F41CD200AFBA3F /* Release */,
			);
			defaultConfigurationIsVisible = 0;
			defaultConfigurationName = Release;
		};
/* End XCConfigurationList section */
	};
	rootObject = 185F5E4E27F41CD100AFBA3F /* Project object */;
}
